
Microsoft Visual Studio Solution File, Format Version 12.00
# Visual Studio 15
VisualStudioVersion = 15.0.28307.1972
MinimumVisualStudioVersion = 10.0.40219.1
Project("{8BC9CEB8-8B4A-11D0-8D11-00A0C91BC942}") = "6-1", "6-1\6-1.vcxproj", "{1F0BCBF3-83DB-4D3A-811B-082374BCA3D6}"
EndProject
Project("{8BC9CEB8-8B4A-11D0-8D11-00A0C91BC942}") = "6-2", "6-2\6-2.vcxproj", "{FF33328F-5586-45E1-BFBF-9E02563E8C7E}"
EndProject
Project("{8BC9CEB8-8B4A-11D0-8D11-00A0C91BC942}") = "6-3", "6-3\6-3.vcxproj", "{8C69464D-0404-4FA8-98D6-FBF9125CC109}"
EndProject
Project("{8BC9CEB8-8B4A-11D0-8D11-00A0C91BC942}") = "6-4", "6-4\6-4.vcxproj", "{EF0ABA98-A295-431B-B3EC-3E7BA6A671AC}"
EndProject
Project("{8BC9CEB8-8B4A-11D0-8D11-00A0C91BC942}") = "6-5", "6-5\6-5.vcxproj", "{B026317F-2FA3-4A19-A507-62C7C4F43B79}"
EndProject
Project("{8BC9CEB8-8B4A-11D0-8D11-00A0C91BC942}") = "6-6", "6-6\6-6.vcxproj", "{A24A86B4-31DF-40A9-A95E-B26EB36A4A05}"
EndProject
Project("{8BC9CEB8-8B4A-11D0-8D11-00A0C91BC942}") = "6-7", "6-7\6-7.vcxproj", "{2144C92E-BA3E-4829-ABEC-D7DA3D9BEDD2}"
EndProject
Project("{8BC9CEB8-8B4A-11D0-8D11-00A0C91BC942}") = "6-8", "6-8\6-8.vcxproj", "{594AA264-AB10-4C71-AABC-7E701C0C04F8}"
EndProject
Project("{8BC9CEB8-8B4A-11D0-8D11-00A0C91BC942}") = "6-9", "6-9\6-9.vcxproj", "{BC1D5B77-6F63-40DE-B777-38B3D9FE114B}"
EndProject
Project("{8BC9CEB8-8B4A-11D0-8D11-00A0C91BC942}") = "6-10", "6-10\6-10.vcxproj", "{888DB639-E8C2-4C7F-A0A7-BFA8732A7239}"
EndProject
Project("{8BC9CEB8-8B4A-11D0-8D11-00A0C91BC942}") = "6-11", "6-11\6-11.vcxproj", "{655F789F-C75F-428A-8727-34E47080DD43}"
EndProject
Project("{8BC9CEB8-8B4A-11D0-8D11-00A0C91BC942}") = "6-12", "6-12\6-12.vcxproj", "{8F2323D8-0A28-4FDA-9C54-540F03C27B14}"
EndProject
Project("{8BC9CEB8-8B4A-11D0-8D11-00A0C91BC942}") = "6-13", "6-13\6-13.vcxproj", "{357532C8-E1D5-454D-B374-0C003A52A76E}"
EndProject
Project("{8BC9CEB8-8B4A-11D0-8D11-00A0C91BC942}") = "6-14", "6-14\6-14.vcxproj", "{40CF7937-F7A1-4F9E-807D-9F69F03B809B}"
EndProject
Project("{8BC9CEB8-8B4A-11D0-8D11-00A0C91BC942}") = "6-15", "6-15\6-15.vcxproj", "{BFCF6EDC-BC55-4931-AB06-692E497E7AC7}"
EndProject
Project("{8BC9CEB8-8B4A-11D0-8D11-00A0C91BC942}") = "6-16", "6-16\6-16.vcxproj", "{656EDCB1-83A0-4A94-A984-51B317BF862F}"
EndProject
Project("{8BC9CEB8-8B4A-11D0-8D11-00A0C91BC942}") = "6-17", "6-17\6-17.vcxproj", "{0467472C-6069-4B40-856A-5AEC60FA79DB}"
EndProject
Project("{8BC9CEB8-8B4A-11D0-8D11-00A0C91BC942}") = "6-18", "6-18\6-18.vcxproj", "{CD72A2C2-DE70-4F10-A1D8-41A7F2C2C3C3}"
EndProject
Project("{8BC9CEB8-8B4A-11D0-8D11-00A0C91BC942}") = "6-19", "6-19\6-19.vcxproj", "{A5333E50-896C-4616-9C54-8E69561E1B9E}"
EndProject
Project("{8BC9CEB8-8B4A-11D0-8D11-00A0C91BC942}") = "6-20", "6-20\6-20.vcxproj", "{28B6E34D-0EB4-4F61-9947-D04F0B992A67}"
EndProject
Project("{8BC9CEB8-8B4A-11D0-8D11-00A0C91BC942}") = "6-21", "6-21\6-21.vcxproj", "{F7D41F0B-5C86-4E13-B4C1-58F849B21B88}"
EndProject
Project("{8BC9CEB8-8B4A-11D0-8D11-00A0C91BC942}") = "6-22", "6-22\6-22.vcxproj", "{B3A41DBA-8A9A-485F-ABC7-96D9E0340D4B}"
EndProject
Project("{8BC9CEB8-8B4A-11D0-8D11-00A0C91BC942}") = "6-23", "6-23\6-23.vcxproj", "{EF43155E-DE17-4E29-8296-5762E4560D53}"
EndProject
Project("{8BC9CEB8-8B4A-11D0-8D11-00A0C91BC942}") = "6-24", "6-24\6-24.vcxproj", "{33D51728-2D15-4614-9ED1-AB9F45F349D5}"
EndProject
Global
	GlobalSection(SolutionConfigurationPlatforms) = preSolution
		Debug|x64 = Debug|x64
		Debug|x86 = Debug|x86
		Release|x64 = Release|x64
		Release|x86 = Release|x86
	EndGlobalSection
	GlobalSection(ProjectConfigurationPlatforms) = postSolution
		{1F0BCBF3-83DB-4D3A-811B-082374BCA3D6}.Debug|x64.ActiveCfg = Debug|x64
		{1F0BCBF3-83DB-4D3A-811B-082374BCA3D6}.Debug|x64.Build.0 = Debug|x64
		{1F0BCBF3-83DB-4D3A-811B-082374BCA3D6}.Debug|x86.ActiveCfg = Debug|Win32
		{1F0BCBF3-83DB-4D3A-811B-082374BCA3D6}.Debug|x86.Build.0 = Debug|Win32
		{1F0BCBF3-83DB-4D3A-811B-082374BCA3D6}.Release|x64.ActiveCfg = Release|x64
		{1F0BCBF3-83DB-4D3A-811B-082374BCA3D6}.Release|x64.Build.0 = Release|x64
		{1F0BCBF3-83DB-4D3A-811B-082374BCA3D6}.Release|x86.ActiveCfg = Release|Win32
		{1F0BCBF3-83DB-4D3A-811B-082374BCA3D6}.Release|x86.Build.0 = Release|Win32
		{FF33328F-5586-45E1-BFBF-9E02563E8C7E}.Debug|x64.ActiveCfg = Debug|x64
		{FF33328F-5586-45E1-BFBF-9E02563E8C7E}.Debug|x64.Build.0 = Debug|x64
		{FF33328F-5586-45E1-BFBF-9E02563E8C7E}.Debug|x86.ActiveCfg = Debug|Win32
		{FF33328F-5586-45E1-BFBF-9E02563E8C7E}.Debug|x86.Build.0 = Debug|Win32
		{FF33328F-5586-45E1-BFBF-9E02563E8C7E}.Release|x64.ActiveCfg = Release|x64
		{FF33328F-5586-45E1-BFBF-9E02563E8C7E}.Release|x64.Build.0 = Release|x64
		{FF33328F-5586-45E1-BFBF-9E02563E8C7E}.Release|x86.ActiveCfg = Release|Win32
		{FF33328F-5586-45E1-BFBF-9E02563E8C7E}.Release|x86.Build.0 = Release|Win32
		{8C69464D-0404-4FA8-98D6-FBF9125CC109}.Debug|x64.ActiveCfg = Debug|x64
		{8C69464D-0404-4FA8-98D6-FBF9125CC109}.Debug|x64.Build.0 = Debug|x64
		{8C69464D-0404-4FA8-98D6-FBF9125CC109}.Debug|x86.ActiveCfg = Debug|Win32
		{8C69464D-0404-4FA8-98D6-FBF9125CC109}.Debug|x86.Build.0 = Debug|Win32
		{8C69464D-0404-4FA8-98D6-FBF9125CC109}.Release|x64.ActiveCfg = Release|x64
		{8C69464D-0404-4FA8-98D6-FBF9125CC109}.Release|x64.Build.0 = Release|x64
		{8C69464D-0404-4FA8-98D6-FBF9125CC109}.Release|x86.ActiveCfg = Release|Win32
		{8C69464D-0404-4FA8-98D6-FBF9125CC109}.Release|x86.Build.0 = Release|Win32
		{EF0ABA98-A295-431B-B3EC-3E7BA6A671AC}.Debug|x64.ActiveCfg = Debug|x64
		{EF0ABA98-A295-431B-B3EC-3E7BA6A671AC}.Debug|x64.Build.0 = Debug|x64
		{EF0ABA98-A295-431B-B3EC-3E7BA6A671AC}.Debug|x86.ActiveCfg = Debug|Win32
		{EF0ABA98-A295-431B-B3EC-3E7BA6A671AC}.Debug|x86.Build.0 = Debug|Win32
		{EF0ABA98-A295-431B-B3EC-3E7BA6A671AC}.Release|x64.ActiveCfg = Release|x64
		{EF0ABA98-A295-431B-B3EC-3E7BA6A671AC}.Release|x64.Build.0 = Release|x64
		{EF0ABA98-A295-431B-B3EC-3E7BA6A671AC}.Release|x86.ActiveCfg = Release|Win32
		{EF0ABA98-A295-431B-B3EC-3E7BA6A671AC}.Release|x86.Build.0 = Release|Win32
		{B026317F-2FA3-4A19-A507-62C7C4F43B79}.Debug|x64.ActiveCfg = Debug|x64
		{B026317F-2FA3-4A19-A507-62C7C4F43B79}.Debug|x64.Build.0 = Debug|x64
		{B026317F-2FA3-4A19-A507-62C7C4F43B79}.Debug|x86.ActiveCfg = Debug|Win32
		{B026317F-2FA3-4A19-A507-62C7C4F43B79}.Debug|x86.Build.0 = Debug|Win32
		{B026317F-2FA3-4A19-A507-62C7C4F43B79}.Release|x64.ActiveCfg = Release|x64
		{B026317F-2FA3-4A19-A507-62C7C4F43B79}.Release|x64.Build.0 = Release|x64
		{B026317F-2FA3-4A19-A507-62C7C4F43B79}.Release|x86.ActiveCfg = Release|Win32
		{B026317F-2FA3-4A19-A507-62C7C4F43B79}.Release|x86.Build.0 = Release|Win32
		{A24A86B4-31DF-40A9-A95E-B26EB36A4A05}.Debug|x64.ActiveCfg = Debug|x64
		{A24A86B4-31DF-40A9-A95E-B26EB36A4A05}.Debug|x64.Build.0 = Debug|x64
		{A24A86B4-31DF-40A9-A95E-B26EB36A4A05}.Debug|x86.ActiveCfg = Debug|Win32
		{A24A86B4-31DF-40A9-A95E-B26EB36A4A05}.Debug|x86.Build.0 = Debug|Win32
		{A24A86B4-31DF-40A9-A95E-B26EB36A4A05}.Release|x64.ActiveCfg = Release|x64
		{A24A86B4-31DF-40A9-A95E-B26EB36A4A05}.Release|x64.Build.0 = Release|x64
		{A24A86B4-31DF-40A9-A95E-B26EB36A4A05}.Release|x86.ActiveCfg = Release|Win32
		{A24A86B4-31DF-40A9-A95E-B26EB36A4A05}.Release|x86.Build.0 = Release|Win32
		{2144C92E-BA3E-4829-ABEC-D7DA3D9BEDD2}.Debug|x64.ActiveCfg = Debug|x64
		{2144C92E-BA3E-4829-ABEC-D7DA3D9BEDD2}.Debug|x64.Build.0 = Debug|x64
		{2144C92E-BA3E-4829-ABEC-D7DA3D9BEDD2}.Debug|x86.ActiveCfg = Debug|Win32
		{2144C92E-BA3E-4829-ABEC-D7DA3D9BEDD2}.Debug|x86.Build.0 = Debug|Win32
		{2144C92E-BA3E-4829-ABEC-D7DA3D9BEDD2}.Release|x64.ActiveCfg = Release|x64
		{2144C92E-BA3E-4829-ABEC-D7DA3D9BEDD2}.Release|x64.Build.0 = Release|x64
		{2144C92E-BA3E-4829-ABEC-D7DA3D9BEDD2}.Release|x86.ActiveCfg = Release|Win32
		{2144C92E-BA3E-4829-ABEC-D7DA3D9BEDD2}.Release|x86.Build.0 = Release|Win32
		{594AA264-AB10-4C71-AABC-7E701C0C04F8}.Debug|x64.ActiveCfg = Debug|x64
		{594AA264-AB10-4C71-AABC-7E701C0C04F8}.Debug|x64.Build.0 = Debug|x64
		{594AA264-AB10-4C71-AABC-7E701C0C04F8}.Debug|x86.ActiveCfg = Debug|Win32
		{594AA264-AB10-4C71-AABC-7E701C0C04F8}.Debug|x86.Build.0 = Debug|Win32
		{594AA264-AB10-4C71-AABC-7E701C0C04F8}.Release|x64.ActiveCfg = Release|x64
		{594AA264-AB10-4C71-AABC-7E701C0C04F8}.Release|x64.Build.0 = Release|x64
		{594AA264-AB10-4C71-AABC-7E701C0C04F8}.Release|x86.ActiveCfg = Release|Win32
		{594AA264-AB10-4C71-AABC-7E701C0C04F8}.Release|x86.Build.0 = Release|Win32
		{BC1D5B77-6F63-40DE-B777-38B3D9FE114B}.Debug|x64.ActiveCfg = Debug|x64
		{BC1D5B77-6F63-40DE-B777-38B3D9FE114B}.Debug|x64.Build.0 = Debug|x64
		{BC1D5B77-6F63-40DE-B777-38B3D9FE114B}.Debug|x86.ActiveCfg = Debug|Win32
		{BC1D5B77-6F63-40DE-B777-38B3D9FE114B}.Debug|x86.Build.0 = Debug|Win32
		{BC1D5B77-6F63-40DE-B777-38B3D9FE114B}.Release|x64.ActiveCfg = Release|x64
		{BC1D5B77-6F63-40DE-B777-38B3D9FE114B}.Release|x64.Build.0 = Release|x64
		{BC1D5B77-6F63-40DE-B777-38B3D9FE114B}.Release|x86.ActiveCfg = Release|Win32
		{BC1D5B77-6F63-40DE-B777-38B3D9FE114B}.Release|x86.Build.0 = Release|Win32
		{888DB639-E8C2-4C7F-A0A7-BFA8732A7239}.Debug|x64.ActiveCfg = Debug|x64
		{888DB639-E8C2-4C7F-A0A7-BFA8732A7239}.Debug|x64.Build.0 = Debug|x64
		{888DB639-E8C2-4C7F-A0A7-BFA8732A7239}.Debug|x86.ActiveCfg = Debug|Win32
		{888DB639-E8C2-4C7F-A0A7-BFA8732A7239}.Debug|x86.Build.0 = Debug|Win32
		{888DB639-E8C2-4C7F-A0A7-BFA8732A7239}.Release|x64.ActiveCfg = Release|x64
		{888DB639-E8C2-4C7F-A0A7-BFA8732A7239}.Release|x64.Build.0 = Release|x64
		{888DB639-E8C2-4C7F-A0A7-BFA8732A7239}.Release|x86.ActiveCfg = Release|Win32
		{888DB639-E8C2-4C7F-A0A7-BFA8732A7239}.Release|x86.Build.0 = Release|Win32
		{655F789F-C75F-428A-8727-34E47080DD43}.Debug|x64.ActiveCfg = Debug|x64
		{655F789F-C75F-428A-8727-34E47080DD43}.Debug|x64.Build.0 = Debug|x64
		{655F789F-C75F-428A-8727-34E47080DD43}.Debug|x86.ActiveCfg = Debug|Win32
		{655F789F-C75F-428A-8727-34E47080DD43}.Debug|x86.Build.0 = Debug|Win32
		{655F789F-C75F-428A-8727-34E47080DD43}.Release|x64.ActiveCfg = Release|x64
		{655F789F-C75F-428A-8727-34E47080DD43}.Release|x64.Build.0 = Release|x64
		{655F789F-C75F-428A-8727-34E47080DD43}.Release|x86.ActiveCfg = Release|Win32
		{655F789F-C75F-428A-8727-34E47080DD43}.Release|x86.Build.0 = Release|Win32
		{8F2323D8-0A28-4FDA-9C54-540F03C27B14}.Debug|x64.ActiveCfg = Debug|x64
		{8F2323D8-0A28-4FDA-9C54-540F03C27B14}.Debug|x64.Build.0 = Debug|x64
		{8F2323D8-0A28-4FDA-9C54-540F03C27B14}.Debug|x86.ActiveCfg = Debug|Win32
		{8F2323D8-0A28-4FDA-9C54-540F03C27B14}.Debug|x86.Build.0 = Debug|Win32
		{8F2323D8-0A28-4FDA-9C54-540F03C27B14}.Release|x64.ActiveCfg = Release|x64
		{8F2323D8-0A28-4FDA-9C54-540F03C27B14}.Release|x64.Build.0 = Release|x64
		{8F2323D8-0A28-4FDA-9C54-540F03C27B14}.Release|x86.ActiveCfg = Release|Win32
		{8F2323D8-0A28-4FDA-9C54-540F03C27B14}.Release|x86.Build.0 = Release|Win32
		{357532C8-E1D5-454D-B374-0C003A52A76E}.Debug|x64.ActiveCfg = Debug|x64
		{357532C8-E1D5-454D-B374-0C003A52A76E}.Debug|x64.Build.0 = Debug|x64
		{357532C8-E1D5-454D-B374-0C003A52A76E}.Debug|x86.ActiveCfg = Debug|Win32
		{357532C8-E1D5-454D-B374-0C003A52A76E}.Debug|x86.Build.0 = Debug|Win32
		{357532C8-E1D5-454D-B374-0C003A52A76E}.Release|x64.ActiveCfg = Release|x64
		{357532C8-E1D5-454D-B374-0C003A52A76E}.Release|x64.Build.0 = Release|x64
		{357532C8-E1D5-454D-B374-0C003A52A76E}.Release|x86.ActiveCfg = Release|Win32
		{357532C8-E1D5-454D-B374-0C003A52A76E}.Release|x86.Build.0 = Release|Win32
		{40CF7937-F7A1-4F9E-807D-9F69F03B809B}.Debug|x64.ActiveCfg = Debug|x64
		{40CF7937-F7A1-4F9E-807D-9F69F03B809B}.Debug|x64.Build.0 = Debug|x64
		{40CF7937-F7A1-4F9E-807D-9F69F03B809B}.Debug|x86.ActiveCfg = Debug|Win32
		{40CF7937-F7A1-4F9E-807D-9F69F03B809B}.Debug|x86.Build.0 = Debug|Win32
		{40CF7937-F7A1-4F9E-807D-9F69F03B809B}.Release|x64.ActiveCfg = Release|x64
		{40CF7937-F7A1-4F9E-807D-9F69F03B809B}.Release|x64.Build.0 = Release|x64
		{40CF7937-F7A1-4F9E-807D-9F69F03B809B}.Release|x86.ActiveCfg = Release|Win32
		{40CF7937-F7A1-4F9E-807D-9F69F03B809B}.Release|x86.Build.0 = Release|Win32
		{BFCF6EDC-BC55-4931-AB06-692E497E7AC7}.Debug|x64.ActiveCfg = Debug|x64
		{BFCF6EDC-BC55-4931-AB06-692E497E7AC7}.Debug|x64.Build.0 = Debug|x64
		{BFCF6EDC-BC55-4931-AB06-692E497E7AC7}.Debug|x86.ActiveCfg = Debug|Win32
		{BFCF6EDC-BC55-4931-AB06-692E497E7AC7}.Debug|x86.Build.0 = Debug|Win32
		{BFCF6EDC-BC55-4931-AB06-692E497E7AC7}.Release|x64.ActiveCfg = Release|x64
		{BFCF6EDC-BC55-4931-AB06-692E497E7AC7}.Release|x64.Build.0 = Release|x64
		{BFCF6EDC-BC55-4931-AB06-692E497E7AC7}.Release|x86.ActiveCfg = Release|Win32
		{BFCF6EDC-BC55-4931-AB06-692E497E7AC7}.Release|x86.Build.0 = Release|Win32
		{656EDCB1-83A0-4A94-A984-51B317BF862F}.Debug|x64.ActiveCfg = Debug|x64
		{656EDCB1-83A0-4A94-A984-51B317BF862F}.Debug|x64.Build.0 = Debug|x64
		{656EDCB1-83A0-4A94-A984-51B317BF862F}.Debug|x86.ActiveCfg = Debug|Win32
		{656EDCB1-83A0-4A94-A984-51B317BF862F}.Debug|x86.Build.0 = Debug|Win32
		{656EDCB1-83A0-4A94-A984-51B317BF862F}.Release|x64.ActiveCfg = Release|x64
		{656EDCB1-83A0-4A94-A984-51B317BF862F}.Release|x64.Build.0 = Release|x64
		{656EDCB1-83A0-4A94-A984-51B317BF862F}.Release|x86.ActiveCfg = Release|Win32
		{656EDCB1-83A0-4A94-A984-51B317BF862F}.Release|x86.Build.0 = Release|Win32
		{0467472C-6069-4B40-856A-5AEC60FA79DB}.Debug|x64.ActiveCfg = Debug|x64
		{0467472C-6069-4B40-856A-5AEC60FA79DB}.Debug|x64.Build.0 = Debug|x64
		{0467472C-6069-4B40-856A-5AEC60FA79DB}.Debug|x86.ActiveCfg = Debug|Win32
		{0467472C-6069-4B40-856A-5AEC60FA79DB}.Debug|x86.Build.0 = Debug|Win32
		{0467472C-6069-4B40-856A-5AEC60FA79DB}.Release|x64.ActiveCfg = Release|x64
		{0467472C-6069-4B40-856A-5AEC60FA79DB}.Release|x64.Build.0 = Release|x64
		{0467472C-6069-4B40-856A-5AEC60FA79DB}.Release|x86.ActiveCfg = Release|Win32
		{0467472C-6069-4B40-856A-5AEC60FA79DB}.Release|x86.Build.0 = Release|Win32
		{CD72A2C2-DE70-4F10-A1D8-41A7F2C2C3C3}.Debug|x64.ActiveCfg = Debug|x64
		{CD72A2C2-DE70-4F10-A1D8-41A7F2C2C3C3}.Debug|x64.Build.0 = Debug|x64
		{CD72A2C2-DE70-4F10-A1D8-41A7F2C2C3C3}.Debug|x86.ActiveCfg = Debug|Win32
		{CD72A2C2-DE70-4F10-A1D8-41A7F2C2C3C3}.Debug|x86.Build.0 = Debug|Win32
		{CD72A2C2-DE70-4F10-A1D8-41A7F2C2C3C3}.Release|x64.ActiveCfg = Release|x64
		{CD72A2C2-DE70-4F10-A1D8-41A7F2C2C3C3}.Release|x64.Build.0 = Release|x64
		{CD72A2C2-DE70-4F10-A1D8-41A7F2C2C3C3}.Release|x86.ActiveCfg = Release|Win32
		{CD72A2C2-DE70-4F10-A1D8-41A7F2C2C3C3}.Release|x86.Build.0 = Release|Win32
		{A5333E50-896C-4616-9C54-8E69561E1B9E}.Debug|x64.ActiveCfg = Debug|x64
		{A5333E50-896C-4616-9C54-8E69561E1B9E}.Debug|x64.Build.0 = Debug|x64
		{A5333E50-896C-4616-9C54-8E69561E1B9E}.Debug|x86.ActiveCfg = Debug|Win32
		{A5333E50-896C-4616-9C54-8E69561E1B9E}.Debug|x86.Build.0 = Debug|Win32
		{A5333E50-896C-4616-9C54-8E69561E1B9E}.Release|x64.ActiveCfg = Release|x64
		{A5333E50-896C-4616-9C54-8E69561E1B9E}.Release|x64.Build.0 = Release|x64
		{A5333E50-896C-4616-9C54-8E69561E1B9E}.Release|x86.ActiveCfg = Release|Win32
		{A5333E50-896C-4616-9C54-8E69561E1B9E}.Release|x86.Build.0 = Release|Win32
		{28B6E34D-0EB4-4F61-9947-D04F0B992A67}.Debug|x64.ActiveCfg = Debug|x64
		{28B6E34D-0EB4-4F61-9947-D04F0B992A67}.Debug|x64.Build.0 = Debug|x64
		{28B6E34D-0EB4-4F61-9947-D04F0B992A67}.Debug|x86.ActiveCfg = Debug|Win32
		{28B6E34D-0EB4-4F61-9947-D04F0B992A67}.Debug|x86.Build.0 = Debug|Win32
		{28B6E34D-0EB4-4F61-9947-D04F0B992A67}.Release|x64.ActiveCfg = Release|x64
		{28B6E34D-0EB4-4F61-9947-D04F0B992A67}.Release|x64.Build.0 = Release|x64
		{28B6E34D-0EB4-4F61-9947-D04F0B992A67}.Release|x86.ActiveCfg = Release|Win32
		{28B6E34D-0EB4-4F61-9947-D04F0B992A67}.Release|x86.Build.0 = Release|Win32
		{F7D41F0B-5C86-4E13-B4C1-58F849B21B88}.Debug|x64.ActiveCfg = Debug|x64
		{F7D41F0B-5C86-4E13-B4C1-58F849B21B88}.Debug|x64.Build.0 = Debug|x64
		{F7D41F0B-5C86-4E13-B4C1-58F849B21B88}.Debug|x86.ActiveCfg = Debug|Win32
		{F7D41F0B-5C86-4E13-B4C1-58F849B21B88}.Debug|x86.Build.0 = Debug|Win32
		{F7D41F0B-5C86-4E13-B4C1-58F849B21B88}.Release|x64.ActiveCfg = Release|x64
		{F7D41F0B-5C86-4E13-B4C1-58F849B21B88}.Release|x64.Build.0 = Release|x64
		{F7D41F0B-5C86-4E13-B4C1-58F849B21B88}.Release|x86.ActiveCfg = Release|Win32
		{F7D41F0B-5C86-4E13-B4C1-58F849B21B88}.Release|x86.Build.0 = Release|Win32
		{B3A41DBA-8A9A-485F-ABC7-96D9E0340D4B}.Debug|x64.ActiveCfg = Debug|x64
		{B3A41DBA-8A9A-485F-ABC7-96D9E0340D4B}.Debug|x64.Build.0 = Debug|x64
		{B3A41DBA-8A9A-485F-ABC7-96D9E0340D4B}.Debug|x86.ActiveCfg = Debug|Win32
		{B3A41DBA-8A9A-485F-ABC7-96D9E0340D4B}.Debug|x86.Build.0 = Debug|Win32
		{B3A41DBA-8A9A-485F-ABC7-96D9E0340D4B}.Release|x64.ActiveCfg = Release|x64
		{B3A41DBA-8A9A-485F-ABC7-96D9E0340D4B}.Release|x64.Build.0 = Release|x64
		{B3A41DBA-8A9A-485F-ABC7-96D9E0340D4B}.Release|x86.ActiveCfg = Release|Win32
		{B3A41DBA-8A9A-485F-ABC7-96D9E0340D4B}.Release|x86.Build.0 = Release|Win32
		{EF43155E-DE17-4E29-8296-5762E4560D53}.Debug|x64.ActiveCfg = Debug|x64
		{EF43155E-DE17-4E29-8296-5762E4560D53}.Debug|x64.Build.0 = Debug|x64
		{EF43155E-DE17-4E29-8296-5762E4560D53}.Debug|x86.ActiveCfg = Debug|Win32
		{EF43155E-DE17-4E29-8296-5762E4560D53}.Debug|x86.Build.0 = Debug|Win32
		{EF43155E-DE17-4E29-8296-5762E4560D53}.Release|x64.ActiveCfg = Release|x64
		{EF43155E-DE17-4E29-8296-5762E4560D53}.Release|x64.Build.0 = Release|x64
		{EF43155E-DE17-4E29-8296-5762E4560D53}.Release|x86.ActiveCfg = Release|Win32
		{EF43155E-DE17-4E29-8296-5762E4560D53}.Release|x86.Build.0 = Release|Win32
		{33D51728-2D15-4614-9ED1-AB9F45F349D5}.Debug|x64.ActiveCfg = Debug|x64
		{33D51728-2D15-4614-9ED1-AB9F45F349D5}.Debug|x64.Build.0 = Debug|x64
		{33D51728-2D15-4614-9ED1-AB9F45F349D5}.Debug|x86.ActiveCfg = Debug|Win32
		{33D51728-2D15-4614-9ED1-AB9F45F349D5}.Debug|x86.Build.0 = Debug|Win32
		{33D51728-2D15-4614-9ED1-AB9F45F349D5}.Release|x64.ActiveCfg = Release|x64
		{33D51728-2D15-4614-9ED1-AB9F45F349D5}.Release|x64.Build.0 = Release|x64
		{33D51728-2D15-4614-9ED1-AB9F45F349D5}.Release|x86.ActiveCfg = Release|Win32
		{33D51728-2D15-4614-9ED1-AB9F45F349D5}.Release|x86.Build.0 = Release|Win32
	EndGlobalSection
	GlobalSection(SolutionProperties) = preSolution
		HideSolutionNode = FALSE
	EndGlobalSection
	GlobalSection(ExtensibilityGlobals) = postSolution
		SolutionGuid = {AB94B141-FA60-4184-9117-EDF82A4BF193}
	EndGlobalSection
EndGlobal
