
Microsoft Visual Studio Solution File, Format Version 12.00
# Visual Studio 15
VisualStudioVersion = 15.0.28307.1972
MinimumVisualStudioVersion = 10.0.40219.1
Project("{8BC9CEB8-8B4A-11D0-8D11-00A0C91BC942}") = "11-1", "11-1\11-1.vcxproj", "{D35C8FC7-615C-4E88-A73C-241456C6E1A5}"
EndProject
Project("{8BC9CEB8-8B4A-11D0-8D11-00A0C91BC942}") = "11-2", "11-2\11-2.vcxproj", "{104F49FF-5EEC-4873-A659-FF0AA7644C22}"
EndProject
Project("{8BC9CEB8-8B4A-11D0-8D11-00A0C91BC942}") = "11-3", "11-3\11-3.vcxproj", "{27A1F152-49F1-4366-9C62-C16908507985}"
EndProject
Project("{8BC9CEB8-8B4A-11D0-8D11-00A0C91BC942}") = "11-5", "11-5\11-5.vcxproj", "{3A23A218-6E1C-4CFD-A0AF-15E92B2DB33E}"
EndProject
Project("{8BC9CEB8-8B4A-11D0-8D11-00A0C91BC942}") = "11-6", "11-6\11-6.vcxproj", "{8A1ED71F-7289-4FFE-8E78-53E6CBFF0853}"
EndProject
Project("{8BC9CEB8-8B4A-11D0-8D11-00A0C91BC942}") = "11-4", "11-4\11-4.vcxproj", "{CAF1FD40-208E-4BD5-A8BC-C1884A88572F}"
EndProject
Project("{8BC9CEB8-8B4A-11D0-8D11-00A0C91BC942}") = "11-7", "11-7\11-7.vcxproj", "{2F1AB66E-B185-4002-B41D-7BB622777C50}"
EndProject
Project("{8BC9CEB8-8B4A-11D0-8D11-00A0C91BC942}") = "11-8", "11-8\11-8.vcxproj", "{FFA5A86C-B647-48BE-8FCD-51C4D94636D9}"
EndProject
Project("{8BC9CEB8-8B4A-11D0-8D11-00A0C91BC942}") = "11-9", "11-9\11-9.vcxproj", "{632F5095-9034-4AB8-9AD5-B8E4046CEC86}"
EndProject
Project("{8BC9CEB8-8B4A-11D0-8D11-00A0C91BC942}") = "11-10", "11-10\11-10.vcxproj", "{24C2F3F3-6AB3-4310-B328-26A2E8C92E21}"
EndProject
Project("{8BC9CEB8-8B4A-11D0-8D11-00A0C91BC942}") = "11-11", "11-11\11-11.vcxproj", "{70BEAF69-F078-495E-A84F-626E84846F6F}"
EndProject
Project("{8BC9CEB8-8B4A-11D0-8D11-00A0C91BC942}") = "11-12", "11-12\11-12.vcxproj", "{66F8708A-A4D9-44C9-9EF9-F21DBF645831}"
EndProject
Global
	GlobalSection(SolutionConfigurationPlatforms) = preSolution
		Debug|x64 = Debug|x64
		Debug|x86 = Debug|x86
		Release|x64 = Release|x64
		Release|x86 = Release|x86
	EndGlobalSection
	GlobalSection(ProjectConfigurationPlatforms) = postSolution
		{D35C8FC7-615C-4E88-A73C-241456C6E1A5}.Debug|x64.ActiveCfg = Debug|x64
		{D35C8FC7-615C-4E88-A73C-241456C6E1A5}.Debug|x64.Build.0 = Debug|x64
		{D35C8FC7-615C-4E88-A73C-241456C6E1A5}.Debug|x86.ActiveCfg = Debug|Win32
		{D35C8FC7-615C-4E88-A73C-241456C6E1A5}.Debug|x86.Build.0 = Debug|Win32
		{D35C8FC7-615C-4E88-A73C-241456C6E1A5}.Release|x64.ActiveCfg = Release|x64
		{D35C8FC7-615C-4E88-A73C-241456C6E1A5}.Release|x64.Build.0 = Release|x64
		{D35C8FC7-615C-4E88-A73C-241456C6E1A5}.Release|x86.ActiveCfg = Release|Win32
		{D35C8FC7-615C-4E88-A73C-241456C6E1A5}.Release|x86.Build.0 = Release|Win32
		{104F49FF-5EEC-4873-A659-FF0AA7644C22}.Debug|x64.ActiveCfg = Debug|x64
		{104F49FF-5EEC-4873-A659-FF0AA7644C22}.Debug|x64.Build.0 = Debug|x64
		{104F49FF-5EEC-4873-A659-FF0AA7644C22}.Debug|x86.ActiveCfg = Debug|Win32
		{104F49FF-5EEC-4873-A659-FF0AA7644C22}.Debug|x86.Build.0 = Debug|Win32
		{104F49FF-5EEC-4873-A659-FF0AA7644C22}.Release|x64.ActiveCfg = Release|x64
		{104F49FF-5EEC-4873-A659-FF0AA7644C22}.Release|x64.Build.0 = Release|x64
		{104F49FF-5EEC-4873-A659-FF0AA7644C22}.Release|x86.ActiveCfg = Release|Win32
		{104F49FF-5EEC-4873-A659-FF0AA7644C22}.Release|x86.Build.0 = Release|Win32
		{27A1F152-49F1-4366-9C62-C16908507985}.Debug|x64.ActiveCfg = Debug|x64
		{27A1F152-49F1-4366-9C62-C16908507985}.Debug|x64.Build.0 = Debug|x64
		{27A1F152-49F1-4366-9C62-C16908507985}.Debug|x86.ActiveCfg = Debug|Win32
		{27A1F152-49F1-4366-9C62-C16908507985}.Debug|x86.Build.0 = Debug|Win32
		{27A1F152-49F1-4366-9C62-C16908507985}.Release|x64.ActiveCfg = Release|x64
		{27A1F152-49F1-4366-9C62-C16908507985}.Release|x64.Build.0 = Release|x64
		{27A1F152-49F1-4366-9C62-C16908507985}.Release|x86.ActiveCfg = Release|Win32
		{27A1F152-49F1-4366-9C62-C16908507985}.Release|x86.Build.0 = Release|Win32
		{3A23A218-6E1C-4CFD-A0AF-15E92B2DB33E}.Debug|x64.ActiveCfg = Debug|x64
		{3A23A218-6E1C-4CFD-A0AF-15E92B2DB33E}.Debug|x64.Build.0 = Debug|x64
		{3A23A218-6E1C-4CFD-A0AF-15E92B2DB33E}.Debug|x86.ActiveCfg = Debug|Win32
		{3A23A218-6E1C-4CFD-A0AF-15E92B2DB33E}.Debug|x86.Build.0 = Debug|Win32
		{3A23A218-6E1C-4CFD-A0AF-15E92B2DB33E}.Release|x64.ActiveCfg = Release|x64
		{3A23A218-6E1C-4CFD-A0AF-15E92B2DB33E}.Release|x64.Build.0 = Release|x64
		{3A23A218-6E1C-4CFD-A0AF-15E92B2DB33E}.Release|x86.ActiveCfg = Release|Win32
		{3A23A218-6E1C-4CFD-A0AF-15E92B2DB33E}.Release|x86.Build.0 = Release|Win32
		{8A1ED71F-7289-4FFE-8E78-53E6CBFF0853}.Debug|x64.ActiveCfg = Debug|x64
		{8A1ED71F-7289-4FFE-8E78-53E6CBFF0853}.Debug|x64.Build.0 = Debug|x64
		{8A1ED71F-7289-4FFE-8E78-53E6CBFF0853}.Debug|x86.ActiveCfg = Debug|Win32
		{8A1ED71F-7289-4FFE-8E78-53E6CBFF0853}.Debug|x86.Build.0 = Debug|Win32
		{8A1ED71F-7289-4FFE-8E78-53E6CBFF0853}.Release|x64.ActiveCfg = Release|x64
		{8A1ED71F-7289-4FFE-8E78-53E6CBFF0853}.Release|x64.Build.0 = Release|x64
		{8A1ED71F-7289-4FFE-8E78-53E6CBFF0853}.Release|x86.ActiveCfg = Release|Win32
		{8A1ED71F-7289-4FFE-8E78-53E6CBFF0853}.Release|x86.Build.0 = Release|Win32
		{CAF1FD40-208E-4BD5-A8BC-C1884A88572F}.Debug|x64.ActiveCfg = Debug|x64
		{CAF1FD40-208E-4BD5-A8BC-C1884A88572F}.Debug|x64.Build.0 = Debug|x64
		{CAF1FD40-208E-4BD5-A8BC-C1884A88572F}.Debug|x86.ActiveCfg = Debug|Win32
		{CAF1FD40-208E-4BD5-A8BC-C1884A88572F}.Debug|x86.Build.0 = Debug|Win32
		{CAF1FD40-208E-4BD5-A8BC-C1884A88572F}.Release|x64.ActiveCfg = Release|x64
		{CAF1FD40-208E-4BD5-A8BC-C1884A88572F}.Release|x64.Build.0 = Release|x64
		{CAF1FD40-208E-4BD5-A8BC-C1884A88572F}.Release|x86.ActiveCfg = Release|Win32
		{CAF1FD40-208E-4BD5-A8BC-C1884A88572F}.Release|x86.Build.0 = Release|Win32
		{2F1AB66E-B185-4002-B41D-7BB622777C50}.Debug|x64.ActiveCfg = Debug|x64
		{2F1AB66E-B185-4002-B41D-7BB622777C50}.Debug|x64.Build.0 = Debug|x64
		{2F1AB66E-B185-4002-B41D-7BB622777C50}.Debug|x86.ActiveCfg = Debug|Win32
		{2F1AB66E-B185-4002-B41D-7BB622777C50}.Debug|x86.Build.0 = Debug|Win32
		{2F1AB66E-B185-4002-B41D-7BB622777C50}.Release|x64.ActiveCfg = Release|x64
		{2F1AB66E-B185-4002-B41D-7BB622777C50}.Release|x64.Build.0 = Release|x64
		{2F1AB66E-B185-4002-B41D-7BB622777C50}.Release|x86.ActiveCfg = Release|Win32
		{2F1AB66E-B185-4002-B41D-7BB622777C50}.Release|x86.Build.0 = Release|Win32
		{FFA5A86C-B647-48BE-8FCD-51C4D94636D9}.Debug|x64.ActiveCfg = Debug|x64
		{FFA5A86C-B647-48BE-8FCD-51C4D94636D9}.Debug|x64.Build.0 = Debug|x64
		{FFA5A86C-B647-48BE-8FCD-51C4D94636D9}.Debug|x86.ActiveCfg = Debug|Win32
		{FFA5A86C-B647-48BE-8FCD-51C4D94636D9}.Debug|x86.Build.0 = Debug|Win32
		{FFA5A86C-B647-48BE-8FCD-51C4D94636D9}.Release|x64.ActiveCfg = Release|x64
		{FFA5A86C-B647-48BE-8FCD-51C4D94636D9}.Release|x64.Build.0 = Release|x64
		{FFA5A86C-B647-48BE-8FCD-51C4D94636D9}.Release|x86.ActiveCfg = Release|Win32
		{FFA5A86C-B647-48BE-8FCD-51C4D94636D9}.Release|x86.Build.0 = Release|Win32
		{632F5095-9034-4AB8-9AD5-B8E4046CEC86}.Debug|x64.ActiveCfg = Debug|x64
		{632F5095-9034-4AB8-9AD5-B8E4046CEC86}.Debug|x64.Build.0 = Debug|x64
		{632F5095-9034-4AB8-9AD5-B8E4046CEC86}.Debug|x86.ActiveCfg = Debug|Win32
		{632F5095-9034-4AB8-9AD5-B8E4046CEC86}.Debug|x86.Build.0 = Debug|Win32
		{632F5095-9034-4AB8-9AD5-B8E4046CEC86}.Release|x64.ActiveCfg = Release|x64
		{632F5095-9034-4AB8-9AD5-B8E4046CEC86}.Release|x64.Build.0 = Release|x64
		{632F5095-9034-4AB8-9AD5-B8E4046CEC86}.Release|x86.ActiveCfg = Release|Win32
		{632F5095-9034-4AB8-9AD5-B8E4046CEC86}.Release|x86.Build.0 = Release|Win32
		{24C2F3F3-6AB3-4310-B328-26A2E8C92E21}.Debug|x64.ActiveCfg = Debug|x64
		{24C2F3F3-6AB3-4310-B328-26A2E8C92E21}.Debug|x64.Build.0 = Debug|x64
		{24C2F3F3-6AB3-4310-B328-26A2E8C92E21}.Debug|x86.ActiveCfg = Debug|Win32
		{24C2F3F3-6AB3-4310-B328-26A2E8C92E21}.Debug|x86.Build.0 = Debug|Win32
		{24C2F3F3-6AB3-4310-B328-26A2E8C92E21}.Release|x64.ActiveCfg = Release|x64
		{24C2F3F3-6AB3-4310-B328-26A2E8C92E21}.Release|x64.Build.0 = Release|x64
		{24C2F3F3-6AB3-4310-B328-26A2E8C92E21}.Release|x86.ActiveCfg = Release|Win32
		{24C2F3F3-6AB3-4310-B328-26A2E8C92E21}.Release|x86.Build.0 = Release|Win32
		{70BEAF69-F078-495E-A84F-626E84846F6F}.Debug|x64.ActiveCfg = Debug|x64
		{70BEAF69-F078-495E-A84F-626E84846F6F}.Debug|x64.Build.0 = Debug|x64
		{70BEAF69-F078-495E-A84F-626E84846F6F}.Debug|x86.ActiveCfg = Debug|Win32
		{70BEAF69-F078-495E-A84F-626E84846F6F}.Debug|x86.Build.0 = Debug|Win32
		{70BEAF69-F078-495E-A84F-626E84846F6F}.Release|x64.ActiveCfg = Release|x64
		{70BEAF69-F078-495E-A84F-626E84846F6F}.Release|x64.Build.0 = Release|x64
		{70BEAF69-F078-495E-A84F-626E84846F6F}.Release|x86.ActiveCfg = Release|Win32
		{70BEAF69-F078-495E-A84F-626E84846F6F}.Release|x86.Build.0 = Release|Win32
		{66F8708A-A4D9-44C9-9EF9-F21DBF645831}.Debug|x64.ActiveCfg = Debug|x64
		{66F8708A-A4D9-44C9-9EF9-F21DBF645831}.Debug|x64.Build.0 = Debug|x64
		{66F8708A-A4D9-44C9-9EF9-F21DBF645831}.Debug|x86.ActiveCfg = Debug|Win32
		{66F8708A-A4D9-44C9-9EF9-F21DBF645831}.Debug|x86.Build.0 = Debug|Win32
		{66F8708A-A4D9-44C9-9EF9-F21DBF645831}.Release|x64.ActiveCfg = Release|x64
		{66F8708A-A4D9-44C9-9EF9-F21DBF645831}.Release|x64.Build.0 = Release|x64
		{66F8708A-A4D9-44C9-9EF9-F21DBF645831}.Release|x86.ActiveCfg = Release|Win32
		{66F8708A-A4D9-44C9-9EF9-F21DBF645831}.Release|x86.Build.0 = Release|Win32
	EndGlobalSection
	GlobalSection(SolutionProperties) = preSolution
		HideSolutionNode = FALSE
	EndGlobalSection
	GlobalSection(ExtensibilityGlobals) = postSolution
		SolutionGuid = {6E8D4492-0D92-4642-A478-8B8ABE27DDDE}
	EndGlobalSection
EndGlobal
