
Microsoft Visual Studio Solution File, Format Version 12.00
# Visual Studio 15
VisualStudioVersion = 15.0.28307.1972
MinimumVisualStudioVersion = 10.0.40219.1
Project("{8BC9CEB8-8B4A-11D0-8D11-00A0C91BC942}") = "7_1", "7_1\7_1.vcxproj", "{3CC401D7-4EDA-4C8A-85B7-BE57698FB5D9}"
EndProject
Project("{8BC9CEB8-8B4A-11D0-8D11-00A0C91BC942}") = "7_2", "7_2\7_2.vcxproj", "{1F4987B8-D01A-43B3-849C-B69D47F4CFCA}"
EndProject
Project("{8BC9CEB8-8B4A-11D0-8D11-00A0C91BC942}") = "7_3", "7_3\7_3.vcxproj", "{6EDF53EF-0DEC-4DC9-BF0D-A49C5544D5DB}"
EndProject
Project("{8BC9CEB8-8B4A-11D0-8D11-00A0C91BC942}") = "7_4", "7_4\7_4.vcxproj", "{1068CC00-48DA-4C57-AC28-B92B1BE9D6A6}"
EndProject
Project("{8BC9CEB8-8B4A-11D0-8D11-00A0C91BC942}") = "7_5", "7_5\7_5.vcxproj", "{8204FDE0-5730-42B6-BA4A-F6ADBCF44B32}"
EndProject
Project("{8BC9CEB8-8B4A-11D0-8D11-00A0C91BC942}") = "7_6", "7_6\7_6.vcxproj", "{DDB32A01-1456-419E-8162-73A73FCBA995}"
EndProject
Project("{8BC9CEB8-8B4A-11D0-8D11-00A0C91BC942}") = "7_7", "7_7\7_7.vcxproj", "{E23690DC-FECA-4711-9C6F-1A556A4DD1AE}"
EndProject
Project("{8BC9CEB8-8B4A-11D0-8D11-00A0C91BC942}") = "7_8", "7_8\7_8.vcxproj", "{0DA20D5F-C622-4F17-A461-D64C90D8A9CF}"
EndProject
Project("{8BC9CEB8-8B4A-11D0-8D11-00A0C91BC942}") = "7_9", "7_9\7_9.vcxproj", "{E5BF8E97-F0DE-4778-A532-EC0FA4066FAE}"
EndProject
Project("{8BC9CEB8-8B4A-11D0-8D11-00A0C91BC942}") = "7_10", "7_10\7_10.vcxproj", "{11E5CB70-0BA9-43C7-A130-BA76C5E7E125}"
EndProject
Global
	GlobalSection(SolutionConfigurationPlatforms) = preSolution
		Debug|x64 = Debug|x64
		Debug|x86 = Debug|x86
		Release|x64 = Release|x64
		Release|x86 = Release|x86
	EndGlobalSection
	GlobalSection(ProjectConfigurationPlatforms) = postSolution
		{3CC401D7-4EDA-4C8A-85B7-BE57698FB5D9}.Debug|x64.ActiveCfg = Debug|x64
		{3CC401D7-4EDA-4C8A-85B7-BE57698FB5D9}.Debug|x64.Build.0 = Debug|x64
		{3CC401D7-4EDA-4C8A-85B7-BE57698FB5D9}.Debug|x86.ActiveCfg = Debug|Win32
		{3CC401D7-4EDA-4C8A-85B7-BE57698FB5D9}.Debug|x86.Build.0 = Debug|Win32
		{3CC401D7-4EDA-4C8A-85B7-BE57698FB5D9}.Release|x64.ActiveCfg = Release|x64
		{3CC401D7-4EDA-4C8A-85B7-BE57698FB5D9}.Release|x64.Build.0 = Release|x64
		{3CC401D7-4EDA-4C8A-85B7-BE57698FB5D9}.Release|x86.ActiveCfg = Release|Win32
		{3CC401D7-4EDA-4C8A-85B7-BE57698FB5D9}.Release|x86.Build.0 = Release|Win32
		{1F4987B8-D01A-43B3-849C-B69D47F4CFCA}.Debug|x64.ActiveCfg = Debug|x64
		{1F4987B8-D01A-43B3-849C-B69D47F4CFCA}.Debug|x64.Build.0 = Debug|x64
		{1F4987B8-D01A-43B3-849C-B69D47F4CFCA}.Debug|x86.ActiveCfg = Debug|Win32
		{1F4987B8-D01A-43B3-849C-B69D47F4CFCA}.Debug|x86.Build.0 = Debug|Win32
		{1F4987B8-D01A-43B3-849C-B69D47F4CFCA}.Release|x64.ActiveCfg = Release|x64
		{1F4987B8-D01A-43B3-849C-B69D47F4CFCA}.Release|x64.Build.0 = Release|x64
		{1F4987B8-D01A-43B3-849C-B69D47F4CFCA}.Release|x86.ActiveCfg = Release|Win32
		{1F4987B8-D01A-43B3-849C-B69D47F4CFCA}.Release|x86.Build.0 = Release|Win32
		{6EDF53EF-0DEC-4DC9-BF0D-A49C5544D5DB}.Debug|x64.ActiveCfg = Debug|x64
		{6EDF53EF-0DEC-4DC9-BF0D-A49C5544D5DB}.Debug|x64.Build.0 = Debug|x64
		{6EDF53EF-0DEC-4DC9-BF0D-A49C5544D5DB}.Debug|x86.ActiveCfg = Debug|Win32
		{6EDF53EF-0DEC-4DC9-BF0D-A49C5544D5DB}.Debug|x86.Build.0 = Debug|Win32
		{6EDF53EF-0DEC-4DC9-BF0D-A49C5544D5DB}.Release|x64.ActiveCfg = Release|x64
		{6EDF53EF-0DEC-4DC9-BF0D-A49C5544D5DB}.Release|x64.Build.0 = Release|x64
		{6EDF53EF-0DEC-4DC9-BF0D-A49C5544D5DB}.Release|x86.ActiveCfg = Release|Win32
		{6EDF53EF-0DEC-4DC9-BF0D-A49C5544D5DB}.Release|x86.Build.0 = Release|Win32
		{1068CC00-48DA-4C57-AC28-B92B1BE9D6A6}.Debug|x64.ActiveCfg = Debug|x64
		{1068CC00-48DA-4C57-AC28-B92B1BE9D6A6}.Debug|x64.Build.0 = Debug|x64
		{1068CC00-48DA-4C57-AC28-B92B1BE9D6A6}.Debug|x86.ActiveCfg = Debug|Win32
		{1068CC00-48DA-4C57-AC28-B92B1BE9D6A6}.Debug|x86.Build.0 = Debug|Win32
		{1068CC00-48DA-4C57-AC28-B92B1BE9D6A6}.Release|x64.ActiveCfg = Release|x64
		{1068CC00-48DA-4C57-AC28-B92B1BE9D6A6}.Release|x64.Build.0 = Release|x64
		{1068CC00-48DA-4C57-AC28-B92B1BE9D6A6}.Release|x86.ActiveCfg = Release|Win32
		{1068CC00-48DA-4C57-AC28-B92B1BE9D6A6}.Release|x86.Build.0 = Release|Win32
		{8204FDE0-5730-42B6-BA4A-F6ADBCF44B32}.Debug|x64.ActiveCfg = Debug|x64
		{8204FDE0-5730-42B6-BA4A-F6ADBCF44B32}.Debug|x64.Build.0 = Debug|x64
		{8204FDE0-5730-42B6-BA4A-F6ADBCF44B32}.Debug|x86.ActiveCfg = Debug|Win32
		{8204FDE0-5730-42B6-BA4A-F6ADBCF44B32}.Debug|x86.Build.0 = Debug|Win32
		{8204FDE0-5730-42B6-BA4A-F6ADBCF44B32}.Release|x64.ActiveCfg = Release|x64
		{8204FDE0-5730-42B6-BA4A-F6ADBCF44B32}.Release|x64.Build.0 = Release|x64
		{8204FDE0-5730-42B6-BA4A-F6ADBCF44B32}.Release|x86.ActiveCfg = Release|Win32
		{8204FDE0-5730-42B6-BA4A-F6ADBCF44B32}.Release|x86.Build.0 = Release|Win32
		{DDB32A01-1456-419E-8162-73A73FCBA995}.Debug|x64.ActiveCfg = Debug|x64
		{DDB32A01-1456-419E-8162-73A73FCBA995}.Debug|x64.Build.0 = Debug|x64
		{DDB32A01-1456-419E-8162-73A73FCBA995}.Debug|x86.ActiveCfg = Debug|Win32
		{DDB32A01-1456-419E-8162-73A73FCBA995}.Debug|x86.Build.0 = Debug|Win32
		{DDB32A01-1456-419E-8162-73A73FCBA995}.Release|x64.ActiveCfg = Release|x64
		{DDB32A01-1456-419E-8162-73A73FCBA995}.Release|x64.Build.0 = Release|x64
		{DDB32A01-1456-419E-8162-73A73FCBA995}.Release|x86.ActiveCfg = Release|Win32
		{DDB32A01-1456-419E-8162-73A73FCBA995}.Release|x86.Build.0 = Release|Win32
		{E23690DC-FECA-4711-9C6F-1A556A4DD1AE}.Debug|x64.ActiveCfg = Debug|x64
		{E23690DC-FECA-4711-9C6F-1A556A4DD1AE}.Debug|x64.Build.0 = Debug|x64
		{E23690DC-FECA-4711-9C6F-1A556A4DD1AE}.Debug|x86.ActiveCfg = Debug|Win32
		{E23690DC-FECA-4711-9C6F-1A556A4DD1AE}.Debug|x86.Build.0 = Debug|Win32
		{E23690DC-FECA-4711-9C6F-1A556A4DD1AE}.Release|x64.ActiveCfg = Release|x64
		{E23690DC-FECA-4711-9C6F-1A556A4DD1AE}.Release|x64.Build.0 = Release|x64
		{E23690DC-FECA-4711-9C6F-1A556A4DD1AE}.Release|x86.ActiveCfg = Release|Win32
		{E23690DC-FECA-4711-9C6F-1A556A4DD1AE}.Release|x86.Build.0 = Release|Win32
		{0DA20D5F-C622-4F17-A461-D64C90D8A9CF}.Debug|x64.ActiveCfg = Debug|x64
		{0DA20D5F-C622-4F17-A461-D64C90D8A9CF}.Debug|x64.Build.0 = Debug|x64
		{0DA20D5F-C622-4F17-A461-D64C90D8A9CF}.Debug|x86.ActiveCfg = Debug|Win32
		{0DA20D5F-C622-4F17-A461-D64C90D8A9CF}.Debug|x86.Build.0 = Debug|Win32
		{0DA20D5F-C622-4F17-A461-D64C90D8A9CF}.Release|x64.ActiveCfg = Release|x64
		{0DA20D5F-C622-4F17-A461-D64C90D8A9CF}.Release|x64.Build.0 = Release|x64
		{0DA20D5F-C622-4F17-A461-D64C90D8A9CF}.Release|x86.ActiveCfg = Release|Win32
		{0DA20D5F-C622-4F17-A461-D64C90D8A9CF}.Release|x86.Build.0 = Release|Win32
		{E5BF8E97-F0DE-4778-A532-EC0FA4066FAE}.Debug|x64.ActiveCfg = Debug|x64
		{E5BF8E97-F0DE-4778-A532-EC0FA4066FAE}.Debug|x64.Build.0 = Debug|x64
		{E5BF8E97-F0DE-4778-A532-EC0FA4066FAE}.Debug|x86.ActiveCfg = Debug|Win32
		{E5BF8E97-F0DE-4778-A532-EC0FA4066FAE}.Debug|x86.Build.0 = Debug|Win32
		{E5BF8E97-F0DE-4778-A532-EC0FA4066FAE}.Release|x64.ActiveCfg = Release|x64
		{E5BF8E97-F0DE-4778-A532-EC0FA4066FAE}.Release|x64.Build.0 = Release|x64
		{E5BF8E97-F0DE-4778-A532-EC0FA4066FAE}.Release|x86.ActiveCfg = Release|Win32
		{E5BF8E97-F0DE-4778-A532-EC0FA4066FAE}.Release|x86.Build.0 = Release|Win32
		{11E5CB70-0BA9-43C7-A130-BA76C5E7E125}.Debug|x64.ActiveCfg = Debug|x64
		{11E5CB70-0BA9-43C7-A130-BA76C5E7E125}.Debug|x64.Build.0 = Debug|x64
		{11E5CB70-0BA9-43C7-A130-BA76C5E7E125}.Debug|x86.ActiveCfg = Debug|Win32
		{11E5CB70-0BA9-43C7-A130-BA76C5E7E125}.Debug|x86.Build.0 = Debug|Win32
		{11E5CB70-0BA9-43C7-A130-BA76C5E7E125}.Release|x64.ActiveCfg = Release|x64
		{11E5CB70-0BA9-43C7-A130-BA76C5E7E125}.Release|x64.Build.0 = Release|x64
		{11E5CB70-0BA9-43C7-A130-BA76C5E7E125}.Release|x86.ActiveCfg = Release|Win32
		{11E5CB70-0BA9-43C7-A130-BA76C5E7E125}.Release|x86.Build.0 = Release|Win32
	EndGlobalSection
	GlobalSection(SolutionProperties) = preSolution
		HideSolutionNode = FALSE
	EndGlobalSection
	GlobalSection(ExtensibilityGlobals) = postSolution
		SolutionGuid = {D51B4784-D4CE-4102-9267-4D55DD126554}
	EndGlobalSection
EndGlobal
